
Microsoft Visual Studio Solution File, Format Version 12.00
# Visual Studio Version 17
VisualStudioVersion = 17.0.31919.166
MinimumVisualStudioVersion = 10.0.40219.1
Project("{9A19103F-16F7-4668-BE54-9A1E7A4F7556}") = "PasswordManager.Api", "src\PasswordManager.Api\PasswordManager.Api.csproj", "{C5E41CB0-B65C-47B6-A564-8BF08891CAB5}"
EndProject
Project("{9A19103F-16F7-4668-BE54-9A1E7A4F7556}") = "PasswordManager.Common", "src\PasswordManager.Common\PasswordManager.Common.csproj", "{D2489FCB-20A7-4EA9-B665-ACDC543EF9F0}"
EndProject
Project("{2150E333-8FDC-42A3-9474-1A3956D46DE8}") = "docs", "docs", "{6910FFE0-1629-41BB-8132-70E9E28CD6FA}"
	ProjectSection(SolutionItems) = preProject
		doc\diagram.drawio = doc\diagram.drawio
	EndProjectSection
EndProject
Project("{2150E333-8FDC-42A3-9474-1A3956D46DE8}") = "src", "src", "{0AAA236D-7187-4CEC-A153-2F0C18464722}"
EndProject
Project("{2150E333-8FDC-42A3-9474-1A3956D46DE8}") = "test", "test", "{8CEBBA25-1A9C-4DAC-B7C4-07F7B1B9ABBC}"
EndProject
Project("{2150E333-8FDC-42A3-9474-1A3956D46DE8}") = "_Solution Items", "_Solution Items", "{87D1D1E9-3334-45C9-B2B8-6782232AA686}"
	ProjectSection(SolutionItems) = preProject
		.dockerignore = .dockerignore
		.gitignore = .gitignore
		LICENSE = LICENSE
		README.md = README.md
	EndProjectSection
EndProject
Global
	GlobalSection(SolutionConfigurationPlatforms) = preSolution
		Debug|Any CPU = Debug|Any CPU
		Release|Any CPU = Release|Any CPU
	EndGlobalSection
	GlobalSection(ProjectConfigurationPlatforms) = postSolution
		{C5E41CB0-B65C-47B6-A564-8BF08891CAB5}.Debug|Any CPU.ActiveCfg = Debug|Any CPU
		{C5E41CB0-B65C-47B6-A564-8BF08891CAB5}.Debug|Any CPU.Build.0 = Debug|Any CPU
		{C5E41CB0-B65C-47B6-A564-8BF08891CAB5}.Release|Any CPU.ActiveCfg = Release|Any CPU
		{C5E41CB0-B65C-47B6-A564-8BF08891CAB5}.Release|Any CPU.Build.0 = Release|Any CPU
		{D2489FCB-20A7-4EA9-B665-ACDC543EF9F0}.Debug|Any CPU.ActiveCfg = Debug|Any CPU
		{D2489FCB-20A7-4EA9-B665-ACDC543EF9F0}.Debug|Any CPU.Build.0 = Debug|Any CPU
		{D2489FCB-20A7-4EA9-B665-ACDC543EF9F0}.Release|Any CPU.ActiveCfg = Release|Any CPU
		{D2489FCB-20A7-4EA9-B665-ACDC543EF9F0}.Release|Any CPU.Build.0 = Release|Any CPU
	EndGlobalSection
	GlobalSection(SolutionProperties) = preSolution
		HideSolutionNode = FALSE
	EndGlobalSection
	GlobalSection(NestedProjects) = preSolution
		{C5E41CB0-B65C-47B6-A564-8BF08891CAB5} = {0AAA236D-7187-4CEC-A153-2F0C18464722}
		{D2489FCB-20A7-4EA9-B665-ACDC543EF9F0} = {0AAA236D-7187-4CEC-A153-2F0C18464722}
		{6910FFE0-1629-41BB-8132-70E9E28CD6FA} = {87D1D1E9-3334-45C9-B2B8-6782232AA686}
	EndGlobalSection
	GlobalSection(ExtensibilityGlobals) = postSolution
		SolutionGuid = {3DD6694B-4489-4287-9D15-AA551FCDF458}
	EndGlobalSection
EndGlobal
